// !$*UTF8*$!
{
	archiveVersion = 1;
	classes = {
	};
	objectVersion = 46;
	objects = {

/* Begin PBXBuildFile section */
		1003C91E1EDCDACF00D570E5 /* TableViewCell.swift in Sources */ = {isa = PBXBuildFile; fileRef = 1003C91D1EDCDACF00D570E5 /* TableViewCell.swift */; };
		101C2DD31EB8899B0015BCEF /* AppDelegate.swift in Sources */ = {isa = PBXBuildFile; fileRef = 101C2DD21EB8899B0015BCEF /* AppDelegate.swift */; };
		101C2DD81EB8899B0015BCEF /* Main.storyboard in Resources */ = {isa = PBXBuildFile; fileRef = 101C2DD61EB8899B0015BCEF /* Main.storyboard */; };
		101C2DDA1EB8899B0015BCEF /* Assets.xcassets in Resources */ = {isa = PBXBuildFile; fileRef = 101C2DD91EB8899B0015BCEF /* Assets.xcassets */; };
		101C2DDD1EB8899B0015BCEF /* LaunchScreen.storyboard in Resources */ = {isa = PBXBuildFile; fileRef = 101C2DDB1EB8899B0015BCEF /* LaunchScreen.storyboard */; };
		101C2DE81EB8899B0015BCEF /* LoginScreen3Tests.swift in Sources */ = {isa = PBXBuildFile; fileRef = 101C2DE71EB8899B0015BCEF /* LoginScreen3Tests.swift */; };
		101C2DF31EB8899B0015BCEF /* LoginScreen3UITests.swift in Sources */ = {isa = PBXBuildFile; fileRef = 101C2DF21EB8899B0015BCEF /* LoginScreen3UITests.swift */; };
		101C2E011EB889DC0015BCEF /* FirstViewController.swift in Sources */ = {isa = PBXBuildFile; fileRef = 101C2E001EB889DC0015BCEF /* FirstViewController.swift */; };
		102323921EEDB92B00BABB28 /* FirData.swift in Sources */ = {isa = PBXBuildFile; fileRef = 102323911EEDB92B00BABB28 /* FirData.swift */; };
		1034B8A31EBBCB910084C74C /* GoogleService-Info.plist in Resources */ = {isa = PBXBuildFile; fileRef = 1034B8A21EBBCB910084C74C /* GoogleService-Info.plist */; };
		1034B8A51EBBCD460084C74C /* SecondViewController.swift in Sources */ = {isa = PBXBuildFile; fileRef = 1034B8A41EBBCD460084C74C /* SecondViewController.swift */; };
		106A078F1EE9D4E000E27727 /* UpdateViewController.swift in Sources */ = {isa = PBXBuildFile; fileRef = 106A078E1EE9D4E000E27727 /* UpdateViewController.swift */; };
		109DC0D21EE5E602004E06BA /* postStruct.swift in Sources */ = {isa = PBXBuildFile; fileRef = 109DC0D11EE5E602004E06BA /* postStruct.swift */; };
		3C181CBE6BFA117583D1A2FE /* Pods_LoginScreen3.framework in Frameworks */ = {isa = PBXBuildFile; fileRef = 3729FD3C9AF402E97242D2EF /* Pods_LoginScreen3.framework */; };
		6057DF8D21D36674004C4E30 /* Proxy.swift in Sources */ = {isa = PBXBuildFile; fileRef = 6057DF8C21D36674004C4E30 /* Proxy.swift */; };
		6057DF9021D367BF004C4E30 /* UIApplication+Extension.swift in Sources */ = {isa = PBXBuildFile; fileRef = 6057DF8F21D367BF004C4E30 /* UIApplication+Extension.swift */; };
		6057DF9221D3680B004C4E30 /* Helper.swift in Sources */ = {isa = PBXBuildFile; fileRef = 6057DF9121D3680B004C4E30 /* Helper.swift */; };
		6057DF9421D3718E004C4E30 /* Facade.swift in Sources */ = {isa = PBXBuildFile; fileRef = 6057DF9321D3718E004C4E30 /* Facade.swift */; };
		6057DF9921D37D60004C4E30 /* NoteFactory.swift in Sources */ = {isa = PBXBuildFile; fileRef = 6057DF9821D37D60004C4E30 /* NoteFactory.swift */; };
		6061E30021D46C6C00E83B70 /* NoteViewModel.swift in Sources */ = {isa = PBXBuildFile; fileRef = 6061E2FF21D46C6C00E83B70 /* NoteViewModel.swift */; };
		6061E30321D4789F00E83B70 /* AuthCommand.swift in Sources */ = {isa = PBXBuildFile; fileRef = 6061E30221D4789F00E83B70 /* AuthCommand.swift */; };
		6061E30521D478BE00E83B70 /* NoteCommand.swift in Sources */ = {isa = PBXBuildFile; fileRef = 6061E30421D478BE00E83B70 /* NoteCommand.swift */; };
		6061E30A21D4800000E83B70 /* Date+Extension.swift in Sources */ = {isa = PBXBuildFile; fileRef = 6061E30921D4800000E83B70 /* Date+Extension.swift */; };
		8D34C83B88681E84F701DC80 /* Pods_LoginScreen3Tests.framework in Frameworks */ = {isa = PBXBuildFile; fileRef = ECA680C6AD59193AFBD38005 /* Pods_LoginScreen3Tests.framework */; };
		BEBEC16A85CD81BDDF006131 /* Pods_LoginScreen3UITests.framework in Frameworks */ = {isa = PBXBuildFile; fileRef = 060BF106C58213CB258F7DB8 /* Pods_LoginScreen3UITests.framework */; };
/* End PBXBuildFile section */

/* Begin PBXContainerItemProxy section */
		101C2DE41EB8899B0015BCEF /* PBXContainerItemProxy */ = {
			isa = PBXContainerItemProxy;
			containerPortal = 101C2DC71EB8899B0015BCEF /* Project object */;
			proxyType = 1;
			remoteGlobalIDString = 101C2DCE1EB8899B0015BCEF;
			remoteInfo = LoginScreen3;
		};
		101C2DEF1EB8899B0015BCEF /* PBXContainerItemProxy */ = {
			isa = PBXContainerItemProxy;
			containerPortal = 101C2DC71EB8899B0015BCEF /* Project object */;
			proxyType = 1;
			remoteGlobalIDString = 101C2DCE1EB8899B0015BCEF;
			remoteInfo = LoginScreen3;
		};
/* End PBXContainerItemProxy section */

/* Begin PBXFileReference section */
		060BF106C58213CB258F7DB8 /* Pods_LoginScreen3UITests.framework */ = {isa = PBXFileReference; explicitFileType = wrapper.framework; includeInIndex = 0; path = Pods_LoginScreen3UITests.framework; sourceTree = BUILT_PRODUCTS_DIR; };
		1003C91D1EDCDACF00D570E5 /* TableViewCell.swift */ = {isa = PBXFileReference; fileEncoding = 4; lastKnownFileType = sourcecode.swift; path = TableViewCell.swift; sourceTree = "<group>"; };
		101C2DCF1EB8899B0015BCEF /* LoginScreen3.app */ = {isa = PBXFileReference; explicitFileType = wrapper.application; includeInIndex = 0; path = LoginScreen3.app; sourceTree = BUILT_PRODUCTS_DIR; };
		101C2DD21EB8899B0015BCEF /* AppDelegate.swift */ = {isa = PBXFileReference; lastKnownFileType = sourcecode.swift; path = AppDelegate.swift; sourceTree = "<group>"; };
		101C2DD71EB8899B0015BCEF /* Base */ = {isa = PBXFileReference; lastKnownFileType = file.storyboard; name = Base; path = Base.lproj/Main.storyboard; sourceTree = "<group>"; };
		101C2DD91EB8899B0015BCEF /* Assets.xcassets */ = {isa = PBXFileReference; lastKnownFileType = folder.assetcatalog; path = Assets.xcassets; sourceTree = "<group>"; };
		101C2DDC1EB8899B0015BCEF /* Base */ = {isa = PBXFileReference; lastKnownFileType = file.storyboard; name = Base; path = Base.lproj/LaunchScreen.storyboard; sourceTree = "<group>"; };
		101C2DDE1EB8899B0015BCEF /* Info.plist */ = {isa = PBXFileReference; lastKnownFileType = text.plist.xml; path = Info.plist; sourceTree = "<group>"; };
		101C2DE31EB8899B0015BCEF /* LoginScreen3Tests.xctest */ = {isa = PBXFileReference; explicitFileType = wrapper.cfbundle; includeInIndex = 0; path = LoginScreen3Tests.xctest; sourceTree = BUILT_PRODUCTS_DIR; };
		101C2DE71EB8899B0015BCEF /* LoginScreen3Tests.swift */ = {isa = PBXFileReference; lastKnownFileType = sourcecode.swift; path = LoginScreen3Tests.swift; sourceTree = "<group>"; };
		101C2DE91EB8899B0015BCEF /* Info.plist */ = {isa = PBXFileReference; lastKnownFileType = text.plist.xml; path = Info.plist; sourceTree = "<group>"; };
		101C2DEE1EB8899B0015BCEF /* LoginScreen3UITests.xctest */ = {isa = PBXFileReference; explicitFileType = wrapper.cfbundle; includeInIndex = 0; path = LoginScreen3UITests.xctest; sourceTree = BUILT_PRODUCTS_DIR; };
		101C2DF21EB8899B0015BCEF /* LoginScreen3UITests.swift */ = {isa = PBXFileReference; lastKnownFileType = sourcecode.swift; path = LoginScreen3UITests.swift; sourceTree = "<group>"; };
		101C2DF41EB8899B0015BCEF /* Info.plist */ = {isa = PBXFileReference; lastKnownFileType = text.plist.xml; path = Info.plist; sourceTree = "<group>"; };
		101C2E001EB889DC0015BCEF /* FirstViewController.swift */ = {isa = PBXFileReference; fileEncoding = 4; lastKnownFileType = sourcecode.swift; path = FirstViewController.swift; sourceTree = "<group>"; };
		102323911EEDB92B00BABB28 /* FirData.swift */ = {isa = PBXFileReference; fileEncoding = 4; lastKnownFileType = sourcecode.swift; path = FirData.swift; sourceTree = "<group>"; };
		1034B8A21EBBCB910084C74C /* GoogleService-Info.plist */ = {isa = PBXFileReference; fileEncoding = 4; lastKnownFileType = text.plist.xml; path = "GoogleService-Info.plist"; sourceTree = "<group>"; };
		1034B8A41EBBCD460084C74C /* SecondViewController.swift */ = {isa = PBXFileReference; fileEncoding = 4; lastKnownFileType = sourcecode.swift; path = SecondViewController.swift; sourceTree = "<group>"; };
		106A078E1EE9D4E000E27727 /* UpdateViewController.swift */ = {isa = PBXFileReference; fileEncoding = 4; lastKnownFileType = sourcecode.swift; path = UpdateViewController.swift; sourceTree = "<group>"; };
		109DC0D11EE5E602004E06BA /* postStruct.swift */ = {isa = PBXFileReference; fileEncoding = 4; lastKnownFileType = sourcecode.swift; path = postStruct.swift; sourceTree = "<group>"; };
		26D65D1F61497F00D974F629 /* Pods-LoginScreen3Tests.release.xcconfig */ = {isa = PBXFileReference; includeInIndex = 1; lastKnownFileType = text.xcconfig; name = "Pods-LoginScreen3Tests.release.xcconfig"; path = "Pods/Target Support Files/Pods-LoginScreen3Tests/Pods-LoginScreen3Tests.release.xcconfig"; sourceTree = "<group>"; };
		3729FD3C9AF402E97242D2EF /* Pods_LoginScreen3.framework */ = {isa = PBXFileReference; explicitFileType = wrapper.framework; includeInIndex = 0; path = Pods_LoginScreen3.framework; sourceTree = BUILT_PRODUCTS_DIR; };
		6057DF8C21D36674004C4E30 /* Proxy.swift */ = {isa = PBXFileReference; lastKnownFileType = sourcecode.swift; path = Proxy.swift; sourceTree = "<group>"; };
		6057DF8F21D367BF004C4E30 /* UIApplication+Extension.swift */ = {isa = PBXFileReference; lastKnownFileType = sourcecode.swift; path = "UIApplication+Extension.swift"; sourceTree = "<group>"; };
		6057DF9121D3680B004C4E30 /* Helper.swift */ = {isa = PBXFileReference; lastKnownFileType = sourcecode.swift; path = Helper.swift; sourceTree = "<group>"; };
		6057DF9321D3718E004C4E30 /* Facade.swift */ = {isa = PBXFileReference; lastKnownFileType = sourcecode.swift; path = Facade.swift; sourceTree = "<group>"; };
		6057DF9821D37D60004C4E30 /* NoteFactory.swift */ = {isa = PBXFileReference; lastKnownFileType = sourcecode.swift; path = NoteFactory.swift; sourceTree = "<group>"; };
		6061E2FF21D46C6C00E83B70 /* NoteViewModel.swift */ = {isa = PBXFileReference; lastKnownFileType = sourcecode.swift; path = NoteViewModel.swift; sourceTree = "<group>"; };
		6061E30221D4789F00E83B70 /* AuthCommand.swift */ = {isa = PBXFileReference; lastKnownFileType = sourcecode.swift; path = AuthCommand.swift; sourceTree = "<group>"; };
		6061E30421D478BE00E83B70 /* NoteCommand.swift */ = {isa = PBXFileReference; lastKnownFileType = sourcecode.swift; path = NoteCommand.swift; sourceTree = "<group>"; };
		6061E30921D4800000E83B70 /* Date+Extension.swift */ = {isa = PBXFileReference; lastKnownFileType = sourcecode.swift; path = "Date+Extension.swift"; sourceTree = "<group>"; };
		A218DF0D6EBAE66E5F49654F /* Pods-LoginScreen3Tests.debug.xcconfig */ = {isa = PBXFileReference; includeInIndex = 1; lastKnownFileType = text.xcconfig; name = "Pods-LoginScreen3Tests.debug.xcconfig"; path = "Pods/Target Support Files/Pods-LoginScreen3Tests/Pods-LoginScreen3Tests.debug.xcconfig"; sourceTree = "<group>"; };
		BF0D1314F971E1504563A8B3 /* Pods-LoginScreen3UITests.release.xcconfig */ = {isa = PBXFileReference; includeInIndex = 1; lastKnownFileType = text.xcconfig; name = "Pods-LoginScreen3UITests.release.xcconfig"; path = "Pods/Target Support Files/Pods-LoginScreen3UITests/Pods-LoginScreen3UITests.release.xcconfig"; sourceTree = "<group>"; };
		C8F6314863F2DE72E320AB23 /* Pods-LoginScreen3.release.xcconfig */ = {isa = PBXFileReference; includeInIndex = 1; lastKnownFileType = text.xcconfig; name = "Pods-LoginScreen3.release.xcconfig"; path = "Pods/Target Support Files/Pods-LoginScreen3/Pods-LoginScreen3.release.xcconfig"; sourceTree = "<group>"; };
		D62AD01973A6C7675C241F3F /* Pods-LoginScreen3UITests.debug.xcconfig */ = {isa = PBXFileReference; includeInIndex = 1; lastKnownFileType = text.xcconfig; name = "Pods-LoginScreen3UITests.debug.xcconfig"; path = "Pods/Target Support Files/Pods-LoginScreen3UITests/Pods-LoginScreen3UITests.debug.xcconfig"; sourceTree = "<group>"; };
		DD5D0C0B6B2C8B068433E82C /* Pods-LoginScreen3.debug.xcconfig */ = {isa = PBXFileReference; includeInIndex = 1; lastKnownFileType = text.xcconfig; name = "Pods-LoginScreen3.debug.xcconfig"; path = "Pods/Target Support Files/Pods-LoginScreen3/Pods-LoginScreen3.debug.xcconfig"; sourceTree = "<group>"; };
		ECA680C6AD59193AFBD38005 /* Pods_LoginScreen3Tests.framework */ = {isa = PBXFileReference; explicitFileType = wrapper.framework; includeInIndex = 0; path = Pods_LoginScreen3Tests.framework; sourceTree = BUILT_PRODUCTS_DIR; };
/* End PBXFileReference section */

/* Begin PBXFrameworksBuildPhase section */
		101C2DCC1EB8899B0015BCEF /* Frameworks */ = {
			isa = PBXFrameworksBuildPhase;
			buildActionMask = 2147483647;
			files = (
				3C181CBE6BFA117583D1A2FE /* Pods_LoginScreen3.framework in Frameworks */,
			);
			runOnlyForDeploymentPostprocessing = 0;
		};
		101C2DE01EB8899B0015BCEF /* Frameworks */ = {
			isa = PBXFrameworksBuildPhase;
			buildActionMask = 2147483647;
			files = (
				8D34C83B88681E84F701DC80 /* Pods_LoginScreen3Tests.framework in Frameworks */,
			);
			runOnlyForDeploymentPostprocessing = 0;
		};
		101C2DEB1EB8899B0015BCEF /* Frameworks */ = {
			isa = PBXFrameworksBuildPhase;
			buildActionMask = 2147483647;
			files = (
				BEBEC16A85CD81BDDF006131 /* Pods_LoginScreen3UITests.framework in Frameworks */,
			);
			runOnlyForDeploymentPostprocessing = 0;
		};
/* End PBXFrameworksBuildPhase section */

/* Begin PBXGroup section */
		01207226B670CCD8CD603D5D /* Frameworks */ = {
			isa = PBXGroup;
			children = (
				3729FD3C9AF402E97242D2EF /* Pods_LoginScreen3.framework */,
				ECA680C6AD59193AFBD38005 /* Pods_LoginScreen3Tests.framework */,
				060BF106C58213CB258F7DB8 /* Pods_LoginScreen3UITests.framework */,
			);
			name = Frameworks;
			sourceTree = "<group>";
		};
		101C2DC61EB8899B0015BCEF = {
			isa = PBXGroup;
			children = (
				101C2DD11EB8899B0015BCEF /* LoginScreen3 */,
				101C2DE61EB8899B0015BCEF /* LoginScreen3Tests */,
				101C2DF11EB8899B0015BCEF /* LoginScreen3UITests */,
				101C2DD01EB8899B0015BCEF /* Products */,
				40A16E7EDE139D312FAF83E7 /* Pods */,
				01207226B670CCD8CD603D5D /* Frameworks */,
			);
			sourceTree = "<group>";
		};
		101C2DD01EB8899B0015BCEF /* Products */ = {
			isa = PBXGroup;
			children = (
				101C2DCF1EB8899B0015BCEF /* LoginScreen3.app */,
				101C2DE31EB8899B0015BCEF /* LoginScreen3Tests.xctest */,
				101C2DEE1EB8899B0015BCEF /* LoginScreen3UITests.xctest */,
			);
			name = Products;
			sourceTree = "<group>";
		};
		101C2DD11EB8899B0015BCEF /* LoginScreen3 */ = {
			isa = PBXGroup;
			children = (
				6061E30821D4794D00E83B70 /* Factory */,
				6061E30721D4793500E83B70 /* Facade */,
				6061E30621D478F900E83B70 /* Proxy */,
				6061E30121D4788B00E83B70 /* Command */,
				6061E2FE21D46C5900E83B70 /* NoteViewModel */,
				6057DF8E21D36777004C4E30 /* Ultilities */,
				10FF70B21FD47A6F00595095 /* Models */,
				10FF70B11FD47A5200595095 /* View Controllers */,
				101C2DD21EB8899B0015BCEF /* AppDelegate.swift */,
				101C2DD61EB8899B0015BCEF /* Main.storyboard */,
				101C2DD91EB8899B0015BCEF /* Assets.xcassets */,
				101C2DDB1EB8899B0015BCEF /* LaunchScreen.storyboard */,
				101C2DDE1EB8899B0015BCEF /* Info.plist */,
				1034B8A21EBBCB910084C74C /* GoogleService-Info.plist */,
			);
			path = LoginScreen3;
			sourceTree = "<group>";
		};
		101C2DE61EB8899B0015BCEF /* LoginScreen3Tests */ = {
			isa = PBXGroup;
			children = (
				101C2DE71EB8899B0015BCEF /* LoginScreen3Tests.swift */,
				101C2DE91EB8899B0015BCEF /* Info.plist */,
			);
			path = LoginScreen3Tests;
			sourceTree = "<group>";
		};
		101C2DF11EB8899B0015BCEF /* LoginScreen3UITests */ = {
			isa = PBXGroup;
			children = (
				101C2DF21EB8899B0015BCEF /* LoginScreen3UITests.swift */,
				101C2DF41EB8899B0015BCEF /* Info.plist */,
			);
			path = LoginScreen3UITests;
			sourceTree = "<group>";
		};
		10FF70B11FD47A5200595095 /* View Controllers */ = {
			isa = PBXGroup;
			children = (
				101C2E001EB889DC0015BCEF /* FirstViewController.swift */,
				1034B8A41EBBCD460084C74C /* SecondViewController.swift */,
				106A078E1EE9D4E000E27727 /* UpdateViewController.swift */,
				1003C91D1EDCDACF00D570E5 /* TableViewCell.swift */,
			);
			name = "View Controllers";
			sourceTree = "<group>";
		};
		10FF70B21FD47A6F00595095 /* Models */ = {
			isa = PBXGroup;
			children = (
				102323911EEDB92B00BABB28 /* FirData.swift */,
				109DC0D11EE5E602004E06BA /* postStruct.swift */,
			);
			name = Models;
			sourceTree = "<group>";
		};
		40A16E7EDE139D312FAF83E7 /* Pods */ = {
			isa = PBXGroup;
			children = (
				DD5D0C0B6B2C8B068433E82C /* Pods-LoginScreen3.debug.xcconfig */,
				C8F6314863F2DE72E320AB23 /* Pods-LoginScreen3.release.xcconfig */,
				A218DF0D6EBAE66E5F49654F /* Pods-LoginScreen3Tests.debug.xcconfig */,
				26D65D1F61497F00D974F629 /* Pods-LoginScreen3Tests.release.xcconfig */,
				D62AD01973A6C7675C241F3F /* Pods-LoginScreen3UITests.debug.xcconfig */,
				BF0D1314F971E1504563A8B3 /* Pods-LoginScreen3UITests.release.xcconfig */,
			);
			name = Pods;
			sourceTree = "<group>";
		};
		6057DF8E21D36777004C4E30 /* Ultilities */ = {
			isa = PBXGroup;
			children = (
				6057DF8F21D367BF004C4E30 /* UIApplication+Extension.swift */,
				6057DF9121D3680B004C4E30 /* Helper.swift */,
				6061E30921D4800000E83B70 /* Date+Extension.swift */,
			);
			name = Ultilities;
			sourceTree = "<group>";
		};
		6061E2FE21D46C5900E83B70 /* NoteViewModel */ = {
			isa = PBXGroup;
			children = (
				6061E2FF21D46C6C00E83B70 /* NoteViewModel.swift */,
			);
			name = NoteViewModel;
			sourceTree = "<group>";
		};
		6061E30121D4788B00E83B70 /* Command */ = {
			isa = PBXGroup;
			children = (
				6061E30221D4789F00E83B70 /* AuthCommand.swift */,
				6061E30421D478BE00E83B70 /* NoteCommand.swift */,
			);
			name = Command;
			sourceTree = "<group>";
		};
		6061E30621D478F900E83B70 /* Proxy */ = {
			isa = PBXGroup;
			children = (
				6057DF8C21D36674004C4E30 /* Proxy.swift */,
			);
			name = Proxy;
			sourceTree = "<group>";
		};
		6061E30721D4793500E83B70 /* Facade */ = {
			isa = PBXGroup;
			children = (
				6057DF9321D3718E004C4E30 /* Facade.swift */,
			);
			name = Facade;
			sourceTree = "<group>";
		};
		6061E30821D4794D00E83B70 /* Factory */ = {
			isa = PBXGroup;
			children = (
				6057DF9821D37D60004C4E30 /* NoteFactory.swift */,
			);
			name = Factory;
			sourceTree = "<group>";
		};
/* End PBXGroup section */

/* Begin PBXNativeTarget section */
		101C2DCE1EB8899B0015BCEF /* LoginScreen3 */ = {
			isa = PBXNativeTarget;
			buildConfigurationList = 101C2DF71EB8899B0015BCEF /* Build configuration list for PBXNativeTarget "LoginScreen3" */;
			buildPhases = (
				B93F6CD40AB94EC643D8CA78 /* [CP] Check Pods Manifest.lock */,
				101C2DCB1EB8899B0015BCEF /* Sources */,
				101C2DCC1EB8899B0015BCEF /* Frameworks */,
				101C2DCD1EB8899B0015BCEF /* Resources */,
				DBE61B07CE93C4DE4E2CF402 /* [CP] Embed Pods Frameworks */,
			);
			buildRules = (
			);
			dependencies = (
			);
			name = LoginScreen3;
			productName = LoginScreen3;
			productReference = 101C2DCF1EB8899B0015BCEF /* LoginScreen3.app */;
			productType = "com.apple.product-type.application";
		};
		101C2DE21EB8899B0015BCEF /* LoginScreen3Tests */ = {
			isa = PBXNativeTarget;
			buildConfigurationList = 101C2DFA1EB8899B0015BCEF /* Build configuration list for PBXNativeTarget "LoginScreen3Tests" */;
			buildPhases = (
				31D9CA5B182A3B15EB9C1969 /* [CP] Check Pods Manifest.lock */,
				101C2DDF1EB8899B0015BCEF /* Sources */,
				101C2DE01EB8899B0015BCEF /* Frameworks */,
				101C2DE11EB8899B0015BCEF /* Resources */,
			);
			buildRules = (
			);
			dependencies = (
				101C2DE51EB8899B0015BCEF /* PBXTargetDependency */,
			);
			name = LoginScreen3Tests;
			productName = LoginScreen3Tests;
			productReference = 101C2DE31EB8899B0015BCEF /* LoginScreen3Tests.xctest */;
			productType = "com.apple.product-type.bundle.unit-test";
		};
		101C2DED1EB8899B0015BCEF /* LoginScreen3UITests */ = {
			isa = PBXNativeTarget;
			buildConfigurationList = 101C2DFD1EB8899B0015BCEF /* Build configuration list for PBXNativeTarget "LoginScreen3UITests" */;
			buildPhases = (
				9A9771ABE9A0A4329A3F004D /* [CP] Check Pods Manifest.lock */,
				101C2DEA1EB8899B0015BCEF /* Sources */,
				101C2DEB1EB8899B0015BCEF /* Frameworks */,
				101C2DEC1EB8899B0015BCEF /* Resources */,
			);
			buildRules = (
			);
			dependencies = (
				101C2DF01EB8899B0015BCEF /* PBXTargetDependency */,
			);
			name = LoginScreen3UITests;
			productName = LoginScreen3UITests;
			productReference = 101C2DEE1EB8899B0015BCEF /* LoginScreen3UITests.xctest */;
			productType = "com.apple.product-type.bundle.ui-testing";
		};
/* End PBXNativeTarget section */

/* Begin PBXProject section */
		101C2DC71EB8899B0015BCEF /* Project object */ = {
			isa = PBXProject;
			attributes = {
				LastSwiftUpdateCheck = 0820;
				LastUpgradeCheck = 0820;
				ORGANIZATIONNAME = LeeX;
				TargetAttributes = {
					101C2DCE1EB8899B0015BCEF = {
						CreatedOnToolsVersion = 8.2;
						ProvisioningStyle = Automatic;
					};
					101C2DE21EB8899B0015BCEF = {
						CreatedOnToolsVersion = 8.2;
						ProvisioningStyle = Automatic;
						TestTargetID = 101C2DCE1EB8899B0015BCEF;
					};
					101C2DED1EB8899B0015BCEF = {
						CreatedOnToolsVersion = 8.2;
						ProvisioningStyle = Automatic;
						TestTargetID = 101C2DCE1EB8899B0015BCEF;
					};
				};
			};
			buildConfigurationList = 101C2DCA1EB8899B0015BCEF /* Build configuration list for PBXProject "LoginScreen3" */;
			compatibilityVersion = "Xcode 3.2";
			developmentRegion = English;
			hasScannedForEncodings = 0;
			knownRegions = (
				en,
				Base,
			);
			mainGroup = 101C2DC61EB8899B0015BCEF;
			productRefGroup = 101C2DD01EB8899B0015BCEF /* Products */;
			projectDirPath = "";
			projectRoot = "";
			targets = (
				101C2DCE1EB8899B0015BCEF /* LoginScreen3 */,
				101C2DE21EB8899B0015BCEF /* LoginScreen3Tests */,
				101C2DED1EB8899B0015BCEF /* LoginScreen3UITests */,
			);
		};
/* End PBXProject section */

/* Begin PBXResourcesBuildPhase section */
		101C2DCD1EB8899B0015BCEF /* Resources */ = {
			isa = PBXResourcesBuildPhase;
			buildActionMask = 2147483647;
			files = (
				101C2DDD1EB8899B0015BCEF /* LaunchScreen.storyboard in Resources */,
				1034B8A31EBBCB910084C74C /* GoogleService-Info.plist in Resources */,
				101C2DDA1EB8899B0015BCEF /* Assets.xcassets in Resources */,
				101C2DD81EB8899B0015BCEF /* Main.storyboard in Resources */,
			);
			runOnlyForDeploymentPostprocessing = 0;
		};
		101C2DE11EB8899B0015BCEF /* Resources */ = {
			isa = PBXResourcesBuildPhase;
			buildActionMask = 2147483647;
			files = (
			);
			runOnlyForDeploymentPostprocessing = 0;
		};
		101C2DEC1EB8899B0015BCEF /* Resources */ = {
			isa = PBXResourcesBuildPhase;
			buildActionMask = 2147483647;
			files = (
			);
			runOnlyForDeploymentPostprocessing = 0;
		};
/* End PBXResourcesBuildPhase section */

/* Begin PBXShellScriptBuildPhase section */
		31D9CA5B182A3B15EB9C1969 /* [CP] Check Pods Manifest.lock */ = {
			isa = PBXShellScriptBuildPhase;
			buildActionMask = 2147483647;
			files = (
			);
			inputPaths = (
				"${PODS_PODFILE_DIR_PATH}/Podfile.lock",
				"${PODS_ROOT}/Manifest.lock",
			);
			name = "[CP] Check Pods Manifest.lock";
			outputPaths = (
				"$(DERIVED_FILE_DIR)/Pods-LoginScreen3Tests-checkManifestLockResult.txt",
			);
			runOnlyForDeploymentPostprocessing = 0;
			shellPath = /bin/sh;
			shellScript = "diff \"${PODS_PODFILE_DIR_PATH}/Podfile.lock\" \"${PODS_ROOT}/Manifest.lock\" > /dev/null\nif [ $? != 0 ] ; then\n    # print error to STDERR\n    echo \"error: The sandbox is not in sync with the Podfile.lock. Run 'pod install' or update your CocoaPods installation.\" >&2\n    exit 1\nfi\n# This output is used by Xcode 'outputs' to avoid re-running this script phase.\necho \"SUCCESS\" > \"${SCRIPT_OUTPUT_FILE_0}\"\n";
			showEnvVarsInLog = 0;
		};
		9A9771ABE9A0A4329A3F004D /* [CP] Check Pods Manifest.lock */ = {
			isa = PBXShellScriptBuildPhase;
			buildActionMask = 2147483647;
			files = (
			);
			inputPaths = (
				"${PODS_PODFILE_DIR_PATH}/Podfile.lock",
				"${PODS_ROOT}/Manifest.lock",
			);
			name = "[CP] Check Pods Manifest.lock";
			outputPaths = (
				"$(DERIVED_FILE_DIR)/Pods-LoginScreen3UITests-checkManifestLockResult.txt",
			);
			runOnlyForDeploymentPostprocessing = 0;
			shellPath = /bin/sh;
			shellScript = "diff \"${PODS_PODFILE_DIR_PATH}/Podfile.lock\" \"${PODS_ROOT}/Manifest.lock\" > /dev/null\nif [ $? != 0 ] ; then\n    # print error to STDERR\n    echo \"error: The sandbox is not in sync with the Podfile.lock. Run 'pod install' or update your CocoaPods installation.\" >&2\n    exit 1\nfi\n# This output is used by Xcode 'outputs' to avoid re-running this script phase.\necho \"SUCCESS\" > \"${SCRIPT_OUTPUT_FILE_0}\"\n";
			showEnvVarsInLog = 0;
		};
		B93F6CD40AB94EC643D8CA78 /* [CP] Check Pods Manifest.lock */ = {
			isa = PBXShellScriptBuildPhase;
			buildActionMask = 2147483647;
			files = (
			);
			inputPaths = (
				"${PODS_PODFILE_DIR_PATH}/Podfile.lock",
				"${PODS_ROOT}/Manifest.lock",
			);
			name = "[CP] Check Pods Manifest.lock";
			outputPaths = (
				"$(DERIVED_FILE_DIR)/Pods-LoginScreen3-checkManifestLockResult.txt",
			);
			runOnlyForDeploymentPostprocessing = 0;
			shellPath = /bin/sh;
			shellScript = "diff \"${PODS_PODFILE_DIR_PATH}/Podfile.lock\" \"${PODS_ROOT}/Manifest.lock\" > /dev/null\nif [ $? != 0 ] ; then\n    # print error to STDERR\n    echo \"error: The sandbox is not in sync with the Podfile.lock. Run 'pod install' or update your CocoaPods installation.\" >&2\n    exit 1\nfi\n# This output is used by Xcode 'outputs' to avoid re-running this script phase.\necho \"SUCCESS\" > \"${SCRIPT_OUTPUT_FILE_0}\"\n";
			showEnvVarsInLog = 0;
		};
		DBE61B07CE93C4DE4E2CF402 /* [CP] Embed Pods Frameworks */ = {
			isa = PBXShellScriptBuildPhase;
			buildActionMask = 2147483647;
			files = (
			);
			inputPaths = (
				"${SRCROOT}/Pods/Target Support Files/Pods-LoginScreen3/Pods-LoginScreen3-frameworks.sh",
				"${BUILT_PRODUCTS_DIR}/GTMSessionFetcher/GTMSessionFetcher.framework",
				"${BUILT_PRODUCTS_DIR}/GoogleToolboxForMac/GoogleToolboxForMac.framework",
			);
			name = "[CP] Embed Pods Frameworks";
			outputPaths = (
				"${TARGET_BUILD_DIR}/${FRAMEWORKS_FOLDER_PATH}/GTMSessionFetcher.framework",
				"${TARGET_BUILD_DIR}/${FRAMEWORKS_FOLDER_PATH}/GoogleToolboxForMac.framework",
			);
			runOnlyForDeploymentPostprocessing = 0;
			shellPath = /bin/sh;
			shellScript = "\"${SRCROOT}/Pods/Target Support Files/Pods-LoginScreen3/Pods-LoginScreen3-frameworks.sh\"\n";
			showEnvVarsInLog = 0;
		};
/* End PBXShellScriptBuildPhase section */

/* Begin PBXSourcesBuildPhase section */
		101C2DCB1EB8899B0015BCEF /* Sources */ = {
			isa = PBXSourcesBuildPhase;
			buildActionMask = 2147483647;
			files = (
				6061E30021D46C6C00E83B70 /* NoteViewModel.swift in Sources */,
				6061E30521D478BE00E83B70 /* NoteCommand.swift in Sources */,
				6057DF8D21D36674004C4E30 /* Proxy.swift in Sources */,
				6057DF9921D37D60004C4E30 /* NoteFactory.swift in Sources */,
				1003C91E1EDCDACF00D570E5 /* TableViewCell.swift in Sources */,
				6061E30A21D4800000E83B70 /* Date+Extension.swift in Sources */,
				1034B8A51EBBCD460084C74C /* SecondViewController.swift in Sources */,
				6061E30321D4789F00E83B70 /* AuthCommand.swift in Sources */,
				102323921EEDB92B00BABB28 /* FirData.swift in Sources */,
				6057DF9021D367BF004C4E30 /* UIApplication+Extension.swift in Sources */,
				109DC0D21EE5E602004E06BA /* postStruct.swift in Sources */,
				6057DF9421D3718E004C4E30 /* Facade.swift in Sources */,
				101C2DD31EB8899B0015BCEF /* AppDelegate.swift in Sources */,
				6057DF9221D3680B004C4E30 /* Helper.swift in Sources */,
				106A078F1EE9D4E000E27727 /* UpdateViewController.swift in Sources */,
				101C2E011EB889DC0015BCEF /* FirstViewController.swift in Sources */,
			);
			runOnlyForDeploymentPostprocessing = 0;
		};
		101C2DDF1EB8899B0015BCEF /* Sources */ = {
			isa = PBXSourcesBuildPhase;
			buildActionMask = 2147483647;
			files = (
				101C2DE81EB8899B0015BCEF /* LoginScreen3Tests.swift in Sources */,
			);
			runOnlyForDeploymentPostprocessing = 0;
		};
		101C2DEA1EB8899B0015BCEF /* Sources */ = {
			isa = PBXSourcesBuildPhase;
			buildActionMask = 2147483647;
			files = (
				101C2DF31EB8899B0015BCEF /* LoginScreen3UITests.swift in Sources */,
			);
			runOnlyForDeploymentPostprocessing = 0;
		};
/* End PBXSourcesBuildPhase section */

/* Begin PBXTargetDependency section */
		101C2DE51EB8899B0015BCEF /* PBXTargetDependency */ = {
			isa = PBXTargetDependency;
			target = 101C2DCE1EB8899B0015BCEF /* LoginScreen3 */;
			targetProxy = 101C2DE41EB8899B0015BCEF /* PBXContainerItemProxy */;
		};
		101C2DF01EB8899B0015BCEF /* PBXTargetDependency */ = {
			isa = PBXTargetDependency;
			target = 101C2DCE1EB8899B0015BCEF /* LoginScreen3 */;
			targetProxy = 101C2DEF1EB8899B0015BCEF /* PBXContainerItemProxy */;
		};
/* End PBXTargetDependency section */

/* Begin PBXVariantGroup section */
		101C2DD61EB8899B0015BCEF /* Main.storyboard */ = {
			isa = PBXVariantGroup;
			children = (
				101C2DD71EB8899B0015BCEF /* Base */,
			);
			name = Main.storyboard;
			sourceTree = "<group>";
		};
		101C2DDB1EB8899B0015BCEF /* LaunchScreen.storyboard */ = {
			isa = PBXVariantGroup;
			children = (
				101C2DDC1EB8899B0015BCEF /* Base */,
			);
			name = LaunchScreen.storyboard;
			sourceTree = "<group>";
		};
/* End PBXVariantGroup section */

/* Begin XCBuildConfiguration section */
		101C2DF51EB8899B0015BCEF /* Debug */ = {
			isa = XCBuildConfiguration;
			buildSettings = {
				ALWAYS_SEARCH_USER_PATHS = NO;
				CLANG_ANALYZER_NONNULL = YES;
				CLANG_CXX_LANGUAGE_STANDARD = "gnu++0x";
				CLANG_CXX_LIBRARY = "libc++";
				CLANG_ENABLE_MODULES = YES;
				CLANG_ENABLE_OBJC_ARC = YES;
				CLANG_WARN_BOOL_CONVERSION = YES;
				CLANG_WARN_CONSTANT_CONVERSION = YES;
				CLANG_WARN_DIRECT_OBJC_ISA_USAGE = YES_ERROR;
				CLANG_WARN_DOCUMENTATION_COMMENTS = YES;
				CLANG_WARN_EMPTY_BODY = YES;
				CLANG_WARN_ENUM_CONVERSION = YES;
				CLANG_WARN_INFINITE_RECURSION = YES;
				CLANG_WARN_INT_CONVERSION = YES;
				CLANG_WARN_OBJC_ROOT_CLASS = YES_ERROR;
				CLANG_WARN_SUSPICIOUS_MOVE = YES;
				CLANG_WARN_UNREACHABLE_CODE = YES;
				CLANG_WARN__DUPLICATE_METHOD_MATCH = YES;
				"CODE_SIGN_IDENTITY[sdk=iphoneos*]" = "iPhone Developer";
				COPY_PHASE_STRIP = NO;
				DEBUG_INFORMATION_FORMAT = dwarf;
				ENABLE_STRICT_OBJC_MSGSEND = YES;
				ENABLE_TESTABILITY = YES;
				GCC_C_LANGUAGE_STANDARD = gnu99;
				GCC_DYNAMIC_NO_PIC = NO;
				GCC_NO_COMMON_BLOCKS = YES;
				GCC_OPTIMIZATION_LEVEL = 0;
				GCC_PREPROCESSOR_DEFINITIONS = (
					"DEBUG=1",
					"$(inherited)",
				);
				GCC_WARN_64_TO_32_BIT_CONVERSION = YES;
				GCC_WARN_ABOUT_RETURN_TYPE = YES_ERROR;
				GCC_WARN_UNDECLARED_SELECTOR = YES;
				GCC_WARN_UNINITIALIZED_AUTOS = YES_AGGRESSIVE;
				GCC_WARN_UNUSED_FUNCTION = YES;
				GCC_WARN_UNUSED_VARIABLE = YES;
				IPHONEOS_DEPLOYMENT_TARGET = 10.2;
				MTL_ENABLE_DEBUG_INFO = YES;
				ONLY_ACTIVE_ARCH = YES;
				SDKROOT = iphoneos;
				SWIFT_ACTIVE_COMPILATION_CONDITIONS = DEBUG;
				SWIFT_OPTIMIZATION_LEVEL = "-Onone";
				TARGETED_DEVICE_FAMILY = "1,2";
			};
			name = Debug;
		};
		101C2DF61EB8899B0015BCEF /* Release */ = {
			isa = XCBuildConfiguration;
			buildSettings = {
				ALWAYS_SEARCH_USER_PATHS = NO;
				CLANG_ANALYZER_NONNULL = YES;
				CLANG_CXX_LANGUAGE_STANDARD = "gnu++0x";
				CLANG_CXX_LIBRARY = "libc++";
				CLANG_ENABLE_MODULES = YES;
				CLANG_ENABLE_OBJC_ARC = YES;
				CLANG_WARN_BOOL_CONVERSION = YES;
				CLANG_WARN_CONSTANT_CONVERSION = YES;
				CLANG_WARN_DIRECT_OBJC_ISA_USAGE = YES_ERROR;
				CLANG_WARN_DOCUMENTATION_COMMENTS = YES;
				CLANG_WARN_EMPTY_BODY = YES;
				CLANG_WARN_ENUM_CONVERSION = YES;
				CLANG_WARN_INFINITE_RECURSION = YES;
				CLANG_WARN_INT_CONVERSION = YES;
				CLANG_WARN_OBJC_ROOT_CLASS = YES_ERROR;
				CLANG_WARN_SUSPICIOUS_MOVE = YES;
				CLANG_WARN_UNREACHABLE_CODE = YES;
				CLANG_WARN__DUPLICATE_METHOD_MATCH = YES;
				"CODE_SIGN_IDENTITY[sdk=iphoneos*]" = "iPhone Developer";
				COPY_PHASE_STRIP = NO;
				DEBUG_INFORMATION_FORMAT = "dwarf-with-dsym";
				ENABLE_NS_ASSERTIONS = NO;
				ENABLE_STRICT_OBJC_MSGSEND = YES;
				GCC_C_LANGUAGE_STANDARD = gnu99;
				GCC_NO_COMMON_BLOCKS = YES;
				GCC_WARN_64_TO_32_BIT_CONVERSION = YES;
				GCC_WARN_ABOUT_RETURN_TYPE = YES_ERROR;
				GCC_WARN_UNDECLARED_SELECTOR = YES;
				GCC_WARN_UNINITIALIZED_AUTOS = YES_AGGRESSIVE;
				GCC_WARN_UNUSED_FUNCTION = YES;
				GCC_WARN_UNUSED_VARIABLE = YES;
				IPHONEOS_DEPLOYMENT_TARGET = 10.2;
				MTL_ENABLE_DEBUG_INFO = NO;
				SDKROOT = iphoneos;
				SWIFT_OPTIMIZATION_LEVEL = "-Owholemodule";
				TARGETED_DEVICE_FAMILY = "1,2";
				VALIDATE_PRODUCT = YES;
			};
			name = Release;
		};
		101C2DF81EB8899B0015BCEF /* Debug */ = {
			isa = XCBuildConfiguration;
			baseConfigurationReference = DD5D0C0B6B2C8B068433E82C /* Pods-LoginScreen3.debug.xcconfig */;
			buildSettings = {
				ASSETCATALOG_COMPILER_APPICON_NAME = AppIcon;
				INFOPLIST_FILE = LoginScreen3/Info.plist;
				LD_RUNPATH_SEARCH_PATHS = "$(inherited) @executable_path/Frameworks";
				PRODUCT_BUNDLE_IDENTIFIER = LeeX.LoginScreen3;
				PRODUCT_NAME = "$(TARGET_NAME)";
				SWIFT_VERSION = 3.0;
			};
			name = Debug;
		};
		101C2DF91EB8899B0015BCEF /* Release */ = {
			isa = XCBuildConfiguration;
			baseConfigurationReference = C8F6314863F2DE72E320AB23 /* Pods-LoginScreen3.release.xcconfig */;
			buildSettings = {
				ASSETCATALOG_COMPILER_APPICON_NAME = AppIcon;
				INFOPLIST_FILE = LoginScreen3/Info.plist;
				LD_RUNPATH_SEARCH_PATHS = "$(inherited) @executable_path/Frameworks";
				PRODUCT_BUNDLE_IDENTIFIER = LeeX.LoginScreen3;
				PRODUCT_NAME = "$(TARGET_NAME)";
				SWIFT_VERSION = 3.0;
			};
			name = Release;
		};
		101C2DFB1EB8899B0015BCEF /* Debug */ = {
			isa = XCBuildConfiguration;
			baseConfigurationReference = A218DF0D6EBAE66E5F49654F /* Pods-LoginScreen3Tests.debug.xcconfig */;
			buildSettings = {
				ALWAYS_EMBED_SWIFT_STANDARD_LIBRARIES = YES;
				BUNDLE_LOADER = "$(TEST_HOST)";
				INFOPLIST_FILE = LoginScreen3Tests/Info.plist;
				LD_RUNPATH_SEARCH_PATHS = "$(inherited) @executable_path/Frameworks @loader_path/Frameworks";
				PRODUCT_BUNDLE_IDENTIFIER = LeeX.LoginScreen3Tests;
				PRODUCT_NAME = "$(TARGET_NAME)";
				SWIFT_VERSION = 3.0;
				TEST_HOST = "$(BUILT_PRODUCTS_DIR)/LoginScreen3.app/LoginScreen3";
			};
			name = Debug;
		};
		101C2DFC1EB8899B0015BCEF /* Release */ = {
			isa = XCBuildConfiguration;
			baseConfigurationReference = 26D65D1F61497F00D974F629 /* Pods-LoginScreen3Tests.release.xcconfig */;
			buildSettings = {
				ALWAYS_EMBED_SWIFT_STANDARD_LIBRARIES = YES;
				BUNDLE_LOADER = "$(TEST_HOST)";
				INFOPLIST_FILE = LoginScreen3Tests/Info.plist;
				LD_RUNPATH_SEARCH_PATHS = "$(inherited) @executable_path/Frameworks @loader_path/Frameworks";
				PRODUCT_BUNDLE_IDENTIFIER = LeeX.LoginScreen3Tests;
				PRODUCT_NAME = "$(TARGET_NAME)";
				SWIFT_VERSION = 3.0;
				TEST_HOST = "$(BUILT_PRODUCTS_DIR)/LoginScreen3.app/LoginScreen3";
			};
			name = Release;
		};
		101C2DFE1EB8899B0015BCEF /* Debug */ = {
			isa = XCBuildConfiguration;
			baseConfigurationReference = D62AD01973A6C7675C241F3F /* Pods-LoginScreen3UITests.debug.xcconfig */;
			buildSettings = {
				ALWAYS_EMBED_SWIFT_STANDARD_LIBRARIES = YES;
				INFOPLIST_FILE = LoginScreen3UITests/Info.plist;
				LD_RUNPATH_SEARCH_PATHS = "$(inherited) @executable_path/Frameworks @loader_path/Frameworks";
				PRODUCT_BUNDLE_IDENTIFIER = LeeX.LoginScreen3UITests;
				PRODUCT_NAME = "$(TARGET_NAME)";
				SWIFT_VERSION = 3.0;
				TEST_TARGET_NAME = LoginScreen3;
			};
			name = Debug;
		};
		101C2DFF1EB8899B0015BCEF /* Release */ = {
			isa = XCBuildConfiguration;
			baseConfigurationReference = BF0D1314F971E1504563A8B3 /* Pods-LoginScreen3UITests.release.xcconfig */;
			buildSettings = {
				ALWAYS_EMBED_SWIFT_STANDARD_LIBRARIES = YES;
				INFOPLIST_FILE = LoginScreen3UITests/Info.plist;
				LD_RUNPATH_SEARCH_PATHS = "$(inherited) @executable_path/Frameworks @loader_path/Frameworks";
				PRODUCT_BUNDLE_IDENTIFIER = LeeX.LoginScreen3UITests;
				PRODUCT_NAME = "$(TARGET_NAME)";
				SWIFT_VERSION = 3.0;
				TEST_TARGET_NAME = LoginScreen3;
			};
			name = Release;
		};
/* End XCBuildConfiguration section */

/* Begin XCConfigurationList section */
		101C2DCA1EB8899B0015BCEF /* Build configuration list for PBXProject "LoginScreen3" */ = {
			isa = XCConfigurationList;
			buildConfigurations = (
				101C2DF51EB8899B0015BCEF /* Debug */,
				101C2DF61EB8899B0015BCEF /* Release */,
			);
			defaultConfigurationIsVisible = 0;
			defaultConfigurationName = Release;
		};
		101C2DF71EB8899B0015BCEF /* Build configuration list for PBXNativeTarget "LoginScreen3" */ = {
			isa = XCConfigurationList;
			buildConfigurations = (
				101C2DF81EB8899B0015BCEF /* Debug */,
				101C2DF91EB8899B0015BCEF /* Release */,
			);
			defaultConfigurationIsVisible = 0;
			defaultConfigurationName = Release;
		};
		101C2DFA1EB8899B0015BCEF /* Build configuration list for PBXNativeTarget "LoginScreen3Tests" */ = {
			isa = XCConfigurationList;
			buildConfigurations = (
				101C2DFB1EB8899B0015BCEF /* Debug */,
				101C2DFC1EB8899B0015BCEF /* Release */,
			);
			defaultConfigurationIsVisible = 0;
			defaultConfigurationName = Release;
		};
		101C2DFD1EB8899B0015BCEF /* Build configuration list for PBXNativeTarget "LoginScreen3UITests" */ = {
			isa = XCConfigurationList;
			buildConfigurations = (
				101C2DFE1EB8899B0015BCEF /* Debug */,
				101C2DFF1EB8899B0015BCEF /* Release */,
			);
			defaultConfigurationIsVisible = 0;
			defaultConfigurationName = Release;
		};
/* End XCConfigurationList section */
	};
	rootObject = 101C2DC71EB8899B0015BCEF /* Project object */;
}
